{
  "version": 4,
  "terraform_version": "1.9.2",
  "serial": 10,
  "lineage": "828b7394-3e43-725e-a604-e64b80d2fd40",
  "outputs": {},
  "resources": [
    {
      "mode": "data",
      "type": "local_file",
      "name": "docker_compose",
      "provider": "provider[\"registry.terraform.io/hashicorp/local\"]",
      "instances": [
        {
          "schema_version": 0,
          "attributes": {
            "content": "version: '3.1'\n\nservices:\n  wordpress:\n    image: wordpress:latest\n    ports:\n      - \"80:80\"\n    environment:\n      WORDPRESS_DB_HOST: db\n      WORDPRESS_DB_USER: root\n      WORDPRESS_DB_PASSWORD: GAud4mZby8F3SD6P\n      WORDPRESS_DB_NAME: wordpress\n    volumes:\n      - wordpress_data:/var/www/html\n    depends_on:\n      - db\n    restart: always\n\n  db:\n    image: mysql:5.7\n    environment:\n      MYSQL_ROOT_PASSWORD: GAud4mZby8F3SD6P\n      MYSQL_DATABASE: wordpress\n    volumes:\n      - db_data:/var/lib/mysql\n    restart: always\n\nvolumes:\n  wordpress_data:\n  db_data:",
            "content_base64": "dmVyc2lvbjogJzMuMScKCnNlcnZpY2VzOgogIHdvcmRwcmVzczoKICAgIGltYWdlOiB3b3JkcHJlc3M6bGF0ZXN0CiAgICBwb3J0czoKICAgICAgLSAiODA6ODAiCiAgICBlbnZpcm9ubWVudDoKICAgICAgV09SRFBSRVNTX0RCX0hPU1Q6IGRiCiAgICAgIFdPUkRQUkVTU19EQl9VU0VSOiByb290CiAgICAgIFdPUkRQUkVTU19EQl9QQVNTV09SRDogR0F1ZDRtWmJ5OEYzU0Q2UAogICAgICBXT1JEUFJFU1NfREJfTkFNRTogd29yZHByZXNzCiAgICB2b2x1bWVzOgogICAgICAtIHdvcmRwcmVzc19kYXRhOi92YXIvd3d3L2h0bWwKICAgIGRlcGVuZHNfb246CiAgICAgIC0gZGIKICAgIHJlc3RhcnQ6IGFsd2F5cwoKICBkYjoKICAgIGltYWdlOiBteXNxbDo1LjcKICAgIGVudmlyb25tZW50OgogICAgICBNWVNRTF9ST09UX1BBU1NXT1JEOiBHQXVkNG1aYnk4RjNTRDZQCiAgICAgIE1ZU1FMX0RBVEFCQVNFOiB3b3JkcHJlc3MKICAgIHZvbHVtZXM6CiAgICAgIC0gZGJfZGF0YTovdmFyL2xpYi9teXNxbAogICAgcmVzdGFydDogYWx3YXlzCgp2b2x1bWVzOgogIHdvcmRwcmVzc19kYXRhOgogIGRiX2RhdGE6",
            "content_base64sha256": "1j0NlAneY4eBisbTYJr6Lzd64izuQz8R7UD6G8n5K90=",
            "content_base64sha512": "vIEAzITjsCahhCR/it1Xr/QMr1Q3XPbALQWFox53CzpCcZ2uSugX7Zz00m/v6r4LkrhWXwuY+v/rEy7aMsp7yQ==",
            "content_md5": "b906b8b805bfa24c763e7bd186e63252",
            "content_sha1": "b0f31a61b77a6c9b10ca38c3f8f240f2530667ae",
            "content_sha256": "d63d0d9409de6387818ac6d3609afa2f377ae22cee433f11ed40fa1bc9f92bdd",
            "content_sha512": "bc8100cc84e3b026a184247f8add57aff40caf54375cf6c02d0585a31e770b3a42719dae4ae817ed9cf4d26fefeabe0b92b8565f0b98faffeb132eda32ca7bc9",
            "filename": "./docker-compose.yml",
            "id": "b0f31a61b77a6c9b10ca38c3f8f240f2530667ae"
          },
          "sensitive_attributes": []
        }
      ]
    },
    {
      "mode": "data",
      "type": "template_file",
      "name": "init_script",
      "provider": "provider[\"registry.terraform.io/hashicorp/template\"]",
      "instances": [
        {
          "schema_version": 0,
          "attributes": {
            "filename": null,
            "id": "fb27499cffc47746f7e4eb378a4f4a63071f54cbba431b382edf098ce19ea7f9",
            "rendered": "#!/bin/bash\n\n# Atualiza o sistema e instala pacotes necessários\napt-get update\napt-get upgrade -y\napt-get install -y apt-transport-https ca-certificates curl software-properties-common\n\n# Instala o Docker\ncurl -fsSL https://download.docker.com/linux/ubuntu/gpg | apt-key add -\nadd-apt-repository \"deb [arch=amd64] https://download.docker.com/linux/ubuntu $(lsb_release -cs) stable\"\napt-get update\napt-get install -y docker-ce\n\n# Instala o Docker Compose\ncurl -L \"https://github.com/docker/compose/releases/download/1.29.2/docker-compose-$(uname -s)-$(uname -m)\" -o /usr/local/bin/docker-compose\nchmod +x /usr/local/bin/docker-compose\n\n# Cria o arquivo docker-compose.yml\ncat \u003c\u003cEOT \u003e /home/admdevops/docker-compose.yml\nversion: '3.1'\n\nservices:\n  wordpress:\n    image: wordpress:latest\n    ports:\n      - \"80:80\"\n    environment:\n      WORDPRESS_DB_HOST: db\n      WORDPRESS_DB_USER: root\n      WORDPRESS_DB_PASSWORD: GAud4mZby8F3SD6P\n      WORDPRESS_DB_NAME: wordpress\n    volumes:\n      - wordpress_data:/var/www/html\n    depends_on:\n      - db\n    restart: always\n\n  db:\n    image: mysql:5.7\n    environment:\n      MYSQL_ROOT_PASSWORD: GAud4mZby8F3SD6P\n      MYSQL_DATABASE: wordpress\n    volumes:\n      - db_data:/var/lib/mysql\n    restart: always\n\nvolumes:\n  wordpress_data:\n  db_data:\nEOT\n\n# Inicia o Docker Compose\ncd /home/admdevops\ndocker-compose up -d\n",
            "template": "#!/bin/bash\n\n# Atualiza o sistema e instala pacotes necessários\napt-get update\napt-get upgrade -y\napt-get install -y apt-transport-https ca-certificates curl software-properties-common\n\n# Instala o Docker\ncurl -fsSL https://download.docker.com/linux/ubuntu/gpg | apt-key add -\nadd-apt-repository \"deb [arch=amd64] https://download.docker.com/linux/ubuntu $(lsb_release -cs) stable\"\napt-get update\napt-get install -y docker-ce\n\n# Instala o Docker Compose\ncurl -L \"https://github.com/docker/compose/releases/download/1.29.2/docker-compose-$(uname -s)-$(uname -m)\" -o /usr/local/bin/docker-compose\nchmod +x /usr/local/bin/docker-compose\n\n# Cria o arquivo docker-compose.yml\ncat \u003c\u003cEOT \u003e /home/${username}/docker-compose.yml\n${docker_compose_content}\nEOT\n\n# Inicia o Docker Compose\ncd /home/${username}\ndocker-compose up -d\n",
            "vars": {
              "docker_compose_content": "version: '3.1'\n\nservices:\n  wordpress:\n    image: wordpress:latest\n    ports:\n      - \"80:80\"\n    environment:\n      WORDPRESS_DB_HOST: db\n      WORDPRESS_DB_USER: root\n      WORDPRESS_DB_PASSWORD: GAud4mZby8F3SD6P\n      WORDPRESS_DB_NAME: wordpress\n    volumes:\n      - wordpress_data:/var/www/html\n    depends_on:\n      - db\n    restart: always\n\n  db:\n    image: mysql:5.7\n    environment:\n      MYSQL_ROOT_PASSWORD: GAud4mZby8F3SD6P\n      MYSQL_DATABASE: wordpress\n    volumes:\n      - db_data:/var/lib/mysql\n    restart: always\n\nvolumes:\n  wordpress_data:\n  db_data:",
              "username": "admdevops"
            }
          },
          "sensitive_attributes": []
        }
      ]
    },
    {
      "mode": "managed",
      "type": "azurerm_network_interface",
      "name": "default",
      "provider": "provider[\"registry.terraform.io/hashicorp/azurerm\"]",
      "instances": [
        {
          "schema_version": 0,
          "attributes": {
            "accelerated_networking_enabled": false,
            "applied_dns_servers": [],
            "auxiliary_mode": "",
            "auxiliary_sku": "",
            "dns_servers": [],
            "edge_zone": "",
            "enable_accelerated_networking": false,
            "enable_ip_forwarding": false,
            "id": "/subscriptions/6a6fa616-fc81-4d82-8f58-ee879c40c01c/resourceGroups/rg-desafio-devops/providers/Microsoft.Network/networkInterfaces/vm-desafio-devops-nic",
            "internal_dns_name_label": "",
            "internal_domain_name_suffix": "okv0ldgl2pyenhapcn534nd3cf.cx.internal.cloudapp.net",
            "ip_configuration": [
              {
                "gateway_load_balancer_frontend_ip_configuration_id": "",
                "name": "vm-desafio-devops-ipconfig",
                "primary": true,
                "private_ip_address": "10.0.1.4",
                "private_ip_address_allocation": "Dynamic",
                "private_ip_address_version": "IPv4",
                "public_ip_address_id": "/subscriptions/6a6fa616-fc81-4d82-8f58-ee879c40c01c/resourceGroups/rg-desafio-devops/providers/Microsoft.Network/publicIPAddresses/vm-desafio-devops-pi",
                "subnet_id": "/subscriptions/6a6fa616-fc81-4d82-8f58-ee879c40c01c/resourceGroups/rg-desafio-devops/providers/Microsoft.Network/virtualNetworks/vnet-desafio-devops/subnets/interna"
              }
            ],
            "ip_forwarding_enabled": false,
            "location": "eastus2",
            "mac_address": "",
            "name": "vm-desafio-devops-nic",
            "private_ip_address": "10.0.1.4",
            "private_ip_addresses": [
              "10.0.1.4"
            ],
            "resource_group_name": "rg-desafio-devops",
            "tags": null,
            "timeouts": null,
            "virtual_machine_id": ""
          },
          "sensitive_attributes": [],
          "private": "eyJlMmJmYjczMC1lY2FhLTExZTYtOGY4OC0zNDM2M2JjN2M0YzAiOnsiY3JlYXRlIjoxODAwMDAwMDAwMDAwLCJkZWxldGUiOjE4MDAwMDAwMDAwMDAsInJlYWQiOjMwMDAwMDAwMDAwMCwidXBkYXRlIjoxODAwMDAwMDAwMDAwfX0=",
          "dependencies": [
            "azurerm_public_ip.default",
            "azurerm_resource_group.default",
            "azurerm_subnet.interna",
            "azurerm_virtual_network.default"
          ]
        }
      ]
    },
    {
      "mode": "managed",
      "type": "azurerm_network_interface_security_group_association",
      "name": "default",
      "provider": "provider[\"registry.terraform.io/hashicorp/azurerm\"]",
      "instances": [
        {
          "schema_version": 0,
          "attributes": {
            "id": "/subscriptions/6a6fa616-fc81-4d82-8f58-ee879c40c01c/resourceGroups/rg-desafio-devops/providers/Microsoft.Network/networkInterfaces/vm-desafio-devops-nic|/subscriptions/6a6fa616-fc81-4d82-8f58-ee879c40c01c/resourceGroups/rg-desafio-devops/providers/Microsoft.Network/networkSecurityGroups/vm-desafio-devops-nsg",
            "network_interface_id": "/subscriptions/6a6fa616-fc81-4d82-8f58-ee879c40c01c/resourceGroups/rg-desafio-devops/providers/Microsoft.Network/networkInterfaces/vm-desafio-devops-nic",
            "network_security_group_id": "/subscriptions/6a6fa616-fc81-4d82-8f58-ee879c40c01c/resourceGroups/rg-desafio-devops/providers/Microsoft.Network/networkSecurityGroups/vm-desafio-devops-nsg",
            "timeouts": null
          },
          "sensitive_attributes": [],
          "private": "eyJlMmJmYjczMC1lY2FhLTExZTYtOGY4OC0zNDM2M2JjN2M0YzAiOnsiY3JlYXRlIjoxODAwMDAwMDAwMDAwLCJkZWxldGUiOjE4MDAwMDAwMDAwMDAsInJlYWQiOjMwMDAwMDAwMDAwMH19",
          "dependencies": [
            "azurerm_network_interface.default",
            "azurerm_network_security_group.default",
            "azurerm_public_ip.default",
            "azurerm_resource_group.default",
            "azurerm_subnet.interna",
            "azurerm_virtual_network.default"
          ]
        }
      ]
    },
    {
      "mode": "managed",
      "type": "azurerm_network_security_group",
      "name": "default",
      "provider": "provider[\"registry.terraform.io/hashicorp/azurerm\"]",
      "instances": [
        {
          "schema_version": 0,
          "attributes": {
            "id": "/subscriptions/6a6fa616-fc81-4d82-8f58-ee879c40c01c/resourceGroups/rg-desafio-devops/providers/Microsoft.Network/networkSecurityGroups/vm-desafio-devops-nsg",
            "location": "eastus2",
            "name": "vm-desafio-devops-nsg",
            "resource_group_name": "rg-desafio-devops",
            "security_rule": [
              {
                "access": "Allow",
                "description": "",
                "destination_address_prefix": "*",
                "destination_address_prefixes": [],
                "destination_application_security_group_ids": [],
                "destination_port_range": "22",
                "destination_port_ranges": [],
                "direction": "Inbound",
                "name": "AllowSSH",
                "priority": 110,
                "protocol": "Tcp",
                "source_address_prefix": "*",
                "source_address_prefixes": [],
                "source_application_security_group_ids": [],
                "source_port_range": "*",
                "source_port_ranges": []
              },
              {
                "access": "Allow",
                "description": "",
                "destination_address_prefix": "*",
                "destination_address_prefixes": [],
                "destination_application_security_group_ids": [],
                "destination_port_range": "80",
                "destination_port_ranges": [],
                "direction": "Inbound",
                "name": "AllowHTTP",
                "priority": 100,
                "protocol": "Tcp",
                "source_address_prefix": "*",
                "source_address_prefixes": [],
                "source_application_security_group_ids": [],
                "source_port_range": "*",
                "source_port_ranges": []
              }
            ],
            "tags": null,
            "timeouts": null
          },
          "sensitive_attributes": [],
          "private": "eyJlMmJmYjczMC1lY2FhLTExZTYtOGY4OC0zNDM2M2JjN2M0YzAiOnsiY3JlYXRlIjoxODAwMDAwMDAwMDAwLCJkZWxldGUiOjE4MDAwMDAwMDAwMDAsInJlYWQiOjMwMDAwMDAwMDAwMCwidXBkYXRlIjoxODAwMDAwMDAwMDAwfX0=",
          "dependencies": [
            "azurerm_resource_group.default"
          ]
        }
      ]
    },
    {
      "mode": "managed",
      "type": "azurerm_public_ip",
      "name": "default",
      "provider": "provider[\"registry.terraform.io/hashicorp/azurerm\"]",
      "instances": [
        {
          "schema_version": 0,
          "attributes": {
            "allocation_method": "Static",
            "ddos_protection_mode": "VirtualNetworkInherited",
            "ddos_protection_plan_id": null,
            "domain_name_label": null,
            "edge_zone": "",
            "fqdn": null,
            "id": "/subscriptions/6a6fa616-fc81-4d82-8f58-ee879c40c01c/resourceGroups/rg-desafio-devops/providers/Microsoft.Network/publicIPAddresses/vm-desafio-devops-pi",
            "idle_timeout_in_minutes": 4,
            "ip_address": "104.209.239.8",
            "ip_tags": null,
            "ip_version": "IPv4",
            "location": "eastus2",
            "name": "vm-desafio-devops-pi",
            "public_ip_prefix_id": null,
            "resource_group_name": "rg-desafio-devops",
            "reverse_fqdn": null,
            "sku": "Basic",
            "sku_tier": "Regional",
            "tags": null,
            "timeouts": null,
            "zones": null
          },
          "sensitive_attributes": [],
          "private": "eyJlMmJmYjczMC1lY2FhLTExZTYtOGY4OC0zNDM2M2JjN2M0YzAiOnsiY3JlYXRlIjoxODAwMDAwMDAwMDAwLCJkZWxldGUiOjE4MDAwMDAwMDAwMDAsInJlYWQiOjMwMDAwMDAwMDAwMCwidXBkYXRlIjoxODAwMDAwMDAwMDAwfX0=",
          "dependencies": [
            "azurerm_resource_group.default"
          ]
        }
      ]
    },
    {
      "mode": "managed",
      "type": "azurerm_resource_group",
      "name": "default",
      "provider": "provider[\"registry.terraform.io/hashicorp/azurerm\"]",
      "instances": [
        {
          "schema_version": 0,
          "attributes": {
            "id": "/subscriptions/6a6fa616-fc81-4d82-8f58-ee879c40c01c/resourceGroups/rg-desafio-devops",
            "location": "eastus2",
            "managed_by": "",
            "name": "rg-desafio-devops",
            "tags": {
              "env": "staging",
              "project": "desafio-devops"
            },
            "timeouts": null
          },
          "sensitive_attributes": [],
          "private": "eyJlMmJmYjczMC1lY2FhLTExZTYtOGY4OC0zNDM2M2JjN2M0YzAiOnsiY3JlYXRlIjo1NDAwMDAwMDAwMDAwLCJkZWxldGUiOjU0MDAwMDAwMDAwMDAsInJlYWQiOjMwMDAwMDAwMDAwMCwidXBkYXRlIjo1NDAwMDAwMDAwMDAwfX0="
        }
      ]
    },
    {
      "mode": "managed",
      "type": "azurerm_subnet",
      "name": "interna",
      "provider": "provider[\"registry.terraform.io/hashicorp/azurerm\"]",
      "instances": [
        {
          "schema_version": 0,
          "attributes": {
            "address_prefixes": [
              "10.0.1.0/24"
            ],
            "default_outbound_access_enabled": true,
            "delegation": [],
            "enforce_private_link_endpoint_network_policies": false,
            "enforce_private_link_service_network_policies": false,
            "id": "/subscriptions/6a6fa616-fc81-4d82-8f58-ee879c40c01c/resourceGroups/rg-desafio-devops/providers/Microsoft.Network/virtualNetworks/vnet-desafio-devops/subnets/interna",
            "name": "interna",
            "private_endpoint_network_policies": "Enabled",
            "private_endpoint_network_policies_enabled": true,
            "private_link_service_network_policies_enabled": true,
            "resource_group_name": "rg-desafio-devops",
            "service_endpoint_policy_ids": null,
            "service_endpoints": null,
            "timeouts": null,
            "virtual_network_name": "vnet-desafio-devops"
          },
          "sensitive_attributes": [],
          "private": "eyJlMmJmYjczMC1lY2FhLTExZTYtOGY4OC0zNDM2M2JjN2M0YzAiOnsiY3JlYXRlIjoxODAwMDAwMDAwMDAwLCJkZWxldGUiOjE4MDAwMDAwMDAwMDAsInJlYWQiOjMwMDAwMDAwMDAwMCwidXBkYXRlIjoxODAwMDAwMDAwMDAwfX0=",
          "dependencies": [
            "azurerm_resource_group.default",
            "azurerm_virtual_network.default"
          ]
        }
      ]
    },
    {
      "mode": "managed",
      "type": "azurerm_subnet",
      "name": "staging",
      "provider": "provider[\"registry.terraform.io/hashicorp/azurerm\"]",
      "instances": [
        {
          "schema_version": 0,
          "attributes": {
            "address_prefixes": [
              "10.0.2.0/24"
            ],
            "default_outbound_access_enabled": true,
            "delegation": [],
            "enforce_private_link_endpoint_network_policies": false,
            "enforce_private_link_service_network_policies": false,
            "id": "/subscriptions/6a6fa616-fc81-4d82-8f58-ee879c40c01c/resourceGroups/rg-desafio-devops/providers/Microsoft.Network/virtualNetworks/vnet-desafio-devops/subnets/staging",
            "name": "staging",
            "private_endpoint_network_policies": "Enabled",
            "private_endpoint_network_policies_enabled": true,
            "private_link_service_network_policies_enabled": true,
            "resource_group_name": "rg-desafio-devops",
            "service_endpoint_policy_ids": null,
            "service_endpoints": null,
            "timeouts": null,
            "virtual_network_name": "vnet-desafio-devops"
          },
          "sensitive_attributes": [],
          "private": "eyJlMmJmYjczMC1lY2FhLTExZTYtOGY4OC0zNDM2M2JjN2M0YzAiOnsiY3JlYXRlIjoxODAwMDAwMDAwMDAwLCJkZWxldGUiOjE4MDAwMDAwMDAwMDAsInJlYWQiOjMwMDAwMDAwMDAwMCwidXBkYXRlIjoxODAwMDAwMDAwMDAwfX0=",
          "dependencies": [
            "azurerm_resource_group.default",
            "azurerm_virtual_network.default"
          ]
        }
      ]
    },
    {
      "mode": "managed",
      "type": "azurerm_virtual_machine",
      "name": "main",
      "provider": "provider[\"registry.terraform.io/hashicorp/azurerm\"]",
      "instances": [
        {
          "schema_version": 0,
          "attributes": {
            "additional_capabilities": [],
            "availability_set_id": null,
            "boot_diagnostics": [],
            "delete_data_disks_on_termination": false,
            "delete_os_disk_on_termination": false,
            "id": "/subscriptions/6a6fa616-fc81-4d82-8f58-ee879c40c01c/resourceGroups/rg-desafio-devops/providers/Microsoft.Compute/virtualMachines/vm-desafio-devops",
            "identity": [],
            "license_type": null,
            "location": "eastus2",
            "name": "vm-desafio-devops",
            "network_interface_ids": [
              "/subscriptions/6a6fa616-fc81-4d82-8f58-ee879c40c01c/resourceGroups/rg-desafio-devops/providers/Microsoft.Network/networkInterfaces/vm-desafio-devops-nic"
            ],
            "os_profile": [
              {
                "admin_password": "Senh4!",
                "admin_username": "admdevops",
                "computer_name": "vm-desafio-devops",
                "custom_data": "52ce9f40c40b0a8ac562f56e810f47accc1b8c94"
              }
            ],
            "os_profile_linux_config": [
              {
                "disable_password_authentication": false,
                "ssh_keys": []
              }
            ],
            "os_profile_secrets": [],
            "os_profile_windows_config": [],
            "plan": [],
            "primary_network_interface_id": null,
            "proximity_placement_group_id": null,
            "resource_group_name": "rg-desafio-devops",
            "storage_data_disk": [],
            "storage_image_reference": [
              {
                "id": "",
                "offer": "0001-com-ubuntu-server-jammy",
                "publisher": "Canonical",
                "sku": "22_04-lts",
                "version": "latest"
              }
            ],
            "storage_os_disk": [
              {
                "caching": "ReadWrite",
                "create_option": "FromImage",
                "disk_size_gb": 30,
                "image_uri": "",
                "managed_disk_id": "/subscriptions/6a6fa616-fc81-4d82-8f58-ee879c40c01c/resourceGroups/rg-desafio-devops/providers/Microsoft.Compute/disks/vm-desafio-devops-osdisk",
                "managed_disk_type": "Standard_LRS",
                "name": "vm-desafio-devops-osdisk",
                "os_type": "Linux",
                "vhd_uri": "",
                "write_accelerator_enabled": false
              }
            ],
            "tags": null,
            "timeouts": null,
            "vm_size": "Standard_B1s",
            "zones": null
          },
          "sensitive_attributes": [
            [
              {
                "type": "get_attr",
                "value": "os_profile"
              }
            ]
          ],
          "private": "eyJlMmJmYjczMC1lY2FhLTExZTYtOGY4OC0zNDM2M2JjN2M0YzAiOnsiY3JlYXRlIjozNjAwMDAwMDAwMDAwLCJkZWxldGUiOjM2MDAwMDAwMDAwMDAsInJlYWQiOjMwMDAwMDAwMDAwMCwidXBkYXRlIjozNjAwMDAwMDAwMDAwfX0=",
          "dependencies": [
            "azurerm_network_interface.default",
            "azurerm_network_security_group.default",
            "azurerm_public_ip.default",
            "azurerm_resource_group.default",
            "azurerm_subnet.interna",
            "azurerm_virtual_network.default",
            "data.local_file.docker_compose",
            "data.template_file.init_script"
          ]
        }
      ]
    },
    {
      "mode": "managed",
      "type": "azurerm_virtual_network",
      "name": "default",
      "provider": "provider[\"registry.terraform.io/hashicorp/azurerm\"]",
      "instances": [
        {
          "schema_version": 0,
          "attributes": {
            "address_space": [
              "10.0.0.0/16"
            ],
            "bgp_community": "",
            "ddos_protection_plan": [],
            "dns_servers": [],
            "edge_zone": "",
            "encryption": [],
            "flow_timeout_in_minutes": 0,
            "guid": "8ca5ab72-e3cb-46f0-9c0f-137fdf347d15",
            "id": "/subscriptions/6a6fa616-fc81-4d82-8f58-ee879c40c01c/resourceGroups/rg-desafio-devops/providers/Microsoft.Network/virtualNetworks/vnet-desafio-devops",
            "location": "eastus2",
            "name": "vnet-desafio-devops",
            "resource_group_name": "rg-desafio-devops",
            "subnet": [],
            "tags": {
              "env": "staging",
              "project": "desafio-devops"
            },
            "timeouts": null
          },
          "sensitive_attributes": [],
          "private": "eyJlMmJmYjczMC1lY2FhLTExZTYtOGY4OC0zNDM2M2JjN2M0YzAiOnsiY3JlYXRlIjoxODAwMDAwMDAwMDAwLCJkZWxldGUiOjE4MDAwMDAwMDAwMDAsInJlYWQiOjMwMDAwMDAwMDAwMCwidXBkYXRlIjoxODAwMDAwMDAwMDAwfX0=",
          "dependencies": [
            "azurerm_resource_group.default"
          ]
        }
      ]
    }
  ],
  "check_results": null
}
